
Microsoft Visual Studio Solution File, Format Version 12.00
# Visual Studio 15
VisualStudioVersion = 15.0.28307.421
MinimumVisualStudioVersion = 10.0.40219.1
Project("{FAE04EC0-301F-11D3-BF4B-00C04F79EFBC}") = "DivinityOriginialSinIIModsHelper", "DivinityOriginialSinIIModsHelper\DivinityOriginialSinIIModsHelper.csproj", "{9926962F-88A0-4A6A-94B2-08215637576E}"
EndProject
Global
	GlobalSection(SolutionConfigurationPlatforms) = preSolution
		Debug|Any CPU = Debug|Any CPU
		Release|Any CPU = Release|Any CPU
	EndGlobalSection
	GlobalSection(ProjectConfigurationPlatforms) = postSolution
		{9926962F-88A0-4A6A-94B2-08215637576E}.Debug|Any CPU.ActiveCfg = Debug|Any CPU
		{9926962F-88A0-4A6A-94B2-08215637576E}.Debug|Any CPU.Build.0 = Debug|Any CPU
		{9926962F-88A0-4A6A-94B2-08215637576E}.Release|Any CPU.ActiveCfg = Release|Any CPU
		{9926962F-88A0-4A6A-94B2-08215637576E}.Release|Any CPU.Build.0 = Release|Any CPU
	EndGlobalSection
	GlobalSection(SolutionProperties) = preSolution
		HideSolutionNode = FALSE
	EndGlobalSection
	GlobalSection(ExtensibilityGlobals) = postSolution
		SolutionGuid = {3C35C40E-EEB2-49D9-A4B9-CBA6EA68292F}
	EndGlobalSection
EndGlobal
